
Microsoft Visual Studio Solution File, Format Version 12.00
# Visual Studio Version 16
VisualStudioVersion = 16.0.29926.136
MinimumVisualStudioVersion = 15.0.26124.0
Project("{9A19103F-16F7-4668-BE54-9A1E7A4F7556}") = "Base Library", "C:\Program Files (x86)\Steam\steamapps\common\sbox\addons\base\Code\Base Library.csproj", "{3CFCECAD-98E9-581B-90CF-75E5F2B140CA}"
EndProject
Project("{9A19103F-16F7-4668-BE54-9A1E7A4F7556}") = "Base Editor Library", "C:\Program Files (x86)\Steam\steamapps\common\sbox\addons\tools\Code\Base Editor Library.csproj", "{0DDD0665-950C-B4D6-56B9-A5A4C73C7423}"
EndProject
Project("{9A19103F-16F7-4668-BE54-9A1E7A4F7556}") = "shadergraph", "C:\Program Files (x86)\Steam\steamapps\common\sbox\editor\ShaderGraph\Code\shadergraph.csproj", "{E1F3841D-E6E7-98DF-B512-B4A0EDA94B43}"
EndProject
Project("{9A19103F-16F7-4668-BE54-9A1E7A4F7556}") = "actiongraph", "C:\Program Files (x86)\Steam\steamapps\common\sbox\editor\ActionGraph\Code\actiongraph.csproj", "{D99A7B07-1DA2-FEA1-BA4C-344E12BE35C4}"
EndProject
Project("{9A19103F-16F7-4668-BE54-9A1E7A4F7556}") = "hammer", "C:\Program Files (x86)\Steam\steamapps\common\sbox\editor\Hammer\Code\hammer.csproj", "{FF37D677-2789-827B-9FEC-126106445C54}"
EndProject
Project("{9A19103F-16F7-4668-BE54-9A1E7A4F7556}") = "fortwars", "Code\fortwars.csproj", "{31CB09A0-FBAB-1FAA-E71B-B4D567C8A2A0}"
EndProject
Project("{9A19103F-16F7-4668-BE54-9A1E7A4F7556}") = "fortwars.editor", "Editor\fortwars.editor.csproj", "{A31666C1-D995-4262-9C2B-BE192ACD5E3F}"
EndProject
Project("{9A19103F-16F7-4668-BE54-9A1E7A4F7556}") = "libevents", "Libraries\facepunch.libevents\Code\libevents.csproj", "{79187742-9E5C-DC86-2290-D6C5067AB80B}"
EndProject
Project("{9A19103F-16F7-4668-BE54-9A1E7A4F7556}") = "libevents.unittest", "Libraries\facepunch.libevents\UnitTests\libevents.unittest.csproj", "{7A891FAF-F1EE-3536-2954-64B8FF06B662}"
EndProject
Project("{9A19103F-16F7-4668-BE54-9A1E7A4F7556}") = "libstates", "Libraries\facepunch.libstates\Code\libstates.csproj", "{FFB21AA1-8B65-2A78-5A8B-9E5513E3579E}"
EndProject
Project("{9A19103F-16F7-4668-BE54-9A1E7A4F7556}") = "libstates.editor", "Libraries\facepunch.libstates\Editor\libstates.editor.csproj", "{9AA683F7-E582-234D-BEFA-C5EC0C7D3F34}"
EndProject
Project("{9A19103F-16F7-4668-BE54-9A1E7A4F7556}") = "libstates.unittest", "Libraries\facepunch.libstates\UnitTests\libstates.unittest.csproj", "{660E4DD0-25A5-D3B0-30DC-FD5F3B9343B0}"
EndProject
Project("{9A19103F-16F7-4668-BE54-9A1E7A4F7556}") = "scc", "Libraries\fish.scc\Code\scc.csproj", "{A809B5DC-45BC-9671-02ED-686C4BBA6599}"
EndProject
Project("{9A19103F-16F7-4668-BE54-9A1E7A4F7556}") = "xgui", "Libraries\xenthio.xgui\Code\xgui.csproj", "{6381AEAF-9017-A550-35B9-0AE6CF4065C2}"
EndProject
Project("{9A19103F-16F7-4668-BE54-9A1E7A4F7556}") = "xgui.editor", "Libraries\xenthio.xgui\Editor\xgui.editor.csproj", "{3B7B8F5D-38CC-8533-AFFE-2C4899A43167}"
EndProject
Project("{9A19103F-16F7-4668-BE54-9A1E7A4F7556}") = "xgui.unittest", "Libraries\xenthio.xgui\UnitTests\xgui.unittest.csproj", "{02F45222-438F-35C2-805D-BABD34EFC463}"
EndProject
Project("{2150E333-8FDC-42A3-9474-1A3956D46DE8}") = "Addons", "Addons", "{7E84B5F6-56F9-A3B2-F215-7A71616B85A2}"
EndProject
Project("{2150E333-8FDC-42A3-9474-1A3956D46DE8}") = "Tools", "Tools", "{91C47821-78DC-6EB2-D97E-14E2D5EF1C9F}"
EndProject
Project("{2150E333-8FDC-42A3-9474-1A3956D46DE8}") = "Libraries", "Libraries", "{A4043C4D-9AC0-3AB1-C0E6-AD534972B49C}"
EndProject

Global
	GlobalSection(SolutionConfigurationPlatforms) = preSolution
		Debug|Any CPU = Debug|Any CPU
		Release|Any CPU = Release|Any CPU
	EndGlobalSection
	GlobalSection(ProjectConfigurationPlatforms) = postSolution
			{3CFCECAD-98E9-581B-90CF-75E5F2B140CA}.Debug|Any CPU.ActiveCfg = Debug|Any CPU
		{3CFCECAD-98E9-581B-90CF-75E5F2B140CA}.Debug|Any CPU.Build.0 = Debug|Any CPU
		{3CFCECAD-98E9-581B-90CF-75E5F2B140CA}.Release|Any CPU.ActiveCfg = Release|Any CPU
		{3CFCECAD-98E9-581B-90CF-75E5F2B140CA}.Release|Any CPU.Build.0 = Release|Any CPU
		{0DDD0665-950C-B4D6-56B9-A5A4C73C7423}.Debug|Any CPU.ActiveCfg = Debug|Any CPU
		{0DDD0665-950C-B4D6-56B9-A5A4C73C7423}.Debug|Any CPU.Build.0 = Debug|Any CPU
		{0DDD0665-950C-B4D6-56B9-A5A4C73C7423}.Release|Any CPU.ActiveCfg = Release|Any CPU
		{0DDD0665-950C-B4D6-56B9-A5A4C73C7423}.Release|Any CPU.Build.0 = Release|Any CPU
		{E1F3841D-E6E7-98DF-B512-B4A0EDA94B43}.Debug|Any CPU.ActiveCfg = Debug|Any CPU
		{E1F3841D-E6E7-98DF-B512-B4A0EDA94B43}.Debug|Any CPU.Build.0 = Debug|Any CPU
		{E1F3841D-E6E7-98DF-B512-B4A0EDA94B43}.Release|Any CPU.ActiveCfg = Release|Any CPU
		{E1F3841D-E6E7-98DF-B512-B4A0EDA94B43}.Release|Any CPU.Build.0 = Release|Any CPU
		{D99A7B07-1DA2-FEA1-BA4C-344E12BE35C4}.Debug|Any CPU.ActiveCfg = Debug|Any CPU
		{D99A7B07-1DA2-FEA1-BA4C-344E12BE35C4}.Debug|Any CPU.Build.0 = Debug|Any CPU
		{D99A7B07-1DA2-FEA1-BA4C-344E12BE35C4}.Release|Any CPU.ActiveCfg = Release|Any CPU
		{D99A7B07-1DA2-FEA1-BA4C-344E12BE35C4}.Release|Any CPU.Build.0 = Release|Any CPU
		{FF37D677-2789-827B-9FEC-126106445C54}.Debug|Any CPU.ActiveCfg = Debug|Any CPU
		{FF37D677-2789-827B-9FEC-126106445C54}.Debug|Any CPU.Build.0 = Debug|Any CPU
		{FF37D677-2789-827B-9FEC-126106445C54}.Release|Any CPU.ActiveCfg = Release|Any CPU
		{FF37D677-2789-827B-9FEC-126106445C54}.Release|Any CPU.Build.0 = Release|Any CPU
		{31CB09A0-FBAB-1FAA-E71B-B4D567C8A2A0}.Debug|Any CPU.ActiveCfg = Debug|Any CPU
		{31CB09A0-FBAB-1FAA-E71B-B4D567C8A2A0}.Debug|Any CPU.Build.0 = Debug|Any CPU
		{31CB09A0-FBAB-1FAA-E71B-B4D567C8A2A0}.Release|Any CPU.ActiveCfg = Release|Any CPU
		{31CB09A0-FBAB-1FAA-E71B-B4D567C8A2A0}.Release|Any CPU.Build.0 = Release|Any CPU
		{A31666C1-D995-4262-9C2B-BE192ACD5E3F}.Debug|Any CPU.ActiveCfg = Debug|Any CPU
		{A31666C1-D995-4262-9C2B-BE192ACD5E3F}.Debug|Any CPU.Build.0 = Debug|Any CPU
		{A31666C1-D995-4262-9C2B-BE192ACD5E3F}.Release|Any CPU.ActiveCfg = Release|Any CPU
		{A31666C1-D995-4262-9C2B-BE192ACD5E3F}.Release|Any CPU.Build.0 = Release|Any CPU
		{79187742-9E5C-DC86-2290-D6C5067AB80B}.Debug|Any CPU.ActiveCfg = Debug|Any CPU
		{79187742-9E5C-DC86-2290-D6C5067AB80B}.Debug|Any CPU.Build.0 = Debug|Any CPU
		{79187742-9E5C-DC86-2290-D6C5067AB80B}.Release|Any CPU.ActiveCfg = Release|Any CPU
		{79187742-9E5C-DC86-2290-D6C5067AB80B}.Release|Any CPU.Build.0 = Release|Any CPU
		{7A891FAF-F1EE-3536-2954-64B8FF06B662}.Debug|Any CPU.ActiveCfg = Debug|Any CPU
		{7A891FAF-F1EE-3536-2954-64B8FF06B662}.Debug|Any CPU.Build.0 = Debug|Any CPU
		{7A891FAF-F1EE-3536-2954-64B8FF06B662}.Release|Any CPU.ActiveCfg = Release|Any CPU
		{7A891FAF-F1EE-3536-2954-64B8FF06B662}.Release|Any CPU.Build.0 = Release|Any CPU
		{FFB21AA1-8B65-2A78-5A8B-9E5513E3579E}.Debug|Any CPU.ActiveCfg = Debug|Any CPU
		{FFB21AA1-8B65-2A78-5A8B-9E5513E3579E}.Debug|Any CPU.Build.0 = Debug|Any CPU
		{FFB21AA1-8B65-2A78-5A8B-9E5513E3579E}.Release|Any CPU.ActiveCfg = Release|Any CPU
		{FFB21AA1-8B65-2A78-5A8B-9E5513E3579E}.Release|Any CPU.Build.0 = Release|Any CPU
		{9AA683F7-E582-234D-BEFA-C5EC0C7D3F34}.Debug|Any CPU.ActiveCfg = Debug|Any CPU
		{9AA683F7-E582-234D-BEFA-C5EC0C7D3F34}.Debug|Any CPU.Build.0 = Debug|Any CPU
		{9AA683F7-E582-234D-BEFA-C5EC0C7D3F34}.Release|Any CPU.ActiveCfg = Release|Any CPU
		{9AA683F7-E582-234D-BEFA-C5EC0C7D3F34}.Release|Any CPU.Build.0 = Release|Any CPU
		{660E4DD0-25A5-D3B0-30DC-FD5F3B9343B0}.Debug|Any CPU.ActiveCfg = Debug|Any CPU
		{660E4DD0-25A5-D3B0-30DC-FD5F3B9343B0}.Debug|Any CPU.Build.0 = Debug|Any CPU
		{660E4DD0-25A5-D3B0-30DC-FD5F3B9343B0}.Release|Any CPU.ActiveCfg = Release|Any CPU
		{660E4DD0-25A5-D3B0-30DC-FD5F3B9343B0}.Release|Any CPU.Build.0 = Release|Any CPU
		{A809B5DC-45BC-9671-02ED-686C4BBA6599}.Debug|Any CPU.ActiveCfg = Debug|Any CPU
		{A809B5DC-45BC-9671-02ED-686C4BBA6599}.Debug|Any CPU.Build.0 = Debug|Any CPU
		{A809B5DC-45BC-9671-02ED-686C4BBA6599}.Release|Any CPU.ActiveCfg = Release|Any CPU
		{A809B5DC-45BC-9671-02ED-686C4BBA6599}.Release|Any CPU.Build.0 = Release|Any CPU
		{6381AEAF-9017-A550-35B9-0AE6CF4065C2}.Debug|Any CPU.ActiveCfg = Debug|Any CPU
		{6381AEAF-9017-A550-35B9-0AE6CF4065C2}.Debug|Any CPU.Build.0 = Debug|Any CPU
		{6381AEAF-9017-A550-35B9-0AE6CF4065C2}.Release|Any CPU.ActiveCfg = Release|Any CPU
		{6381AEAF-9017-A550-35B9-0AE6CF4065C2}.Release|Any CPU.Build.0 = Release|Any CPU
		{3B7B8F5D-38CC-8533-AFFE-2C4899A43167}.Debug|Any CPU.ActiveCfg = Debug|Any CPU
		{3B7B8F5D-38CC-8533-AFFE-2C4899A43167}.Debug|Any CPU.Build.0 = Debug|Any CPU
		{3B7B8F5D-38CC-8533-AFFE-2C4899A43167}.Release|Any CPU.ActiveCfg = Release|Any CPU
		{3B7B8F5D-38CC-8533-AFFE-2C4899A43167}.Release|Any CPU.Build.0 = Release|Any CPU
		{02F45222-438F-35C2-805D-BABD34EFC463}.Debug|Any CPU.ActiveCfg = Debug|Any CPU
		{02F45222-438F-35C2-805D-BABD34EFC463}.Debug|Any CPU.Build.0 = Debug|Any CPU
		{02F45222-438F-35C2-805D-BABD34EFC463}.Release|Any CPU.ActiveCfg = Release|Any CPU
		{02F45222-438F-35C2-805D-BABD34EFC463}.Release|Any CPU.Build.0 = Release|Any CPU

	EndGlobalSection
	GlobalSection(SolutionProperties) = preSolution
		HideSolutionNode = FALSE
	EndGlobalSection
	GlobalSection(NestedProjects) = preSolution
			{3CFCECAD-98E9-581B-90CF-75E5F2B140CA} = {7E84B5F6-56F9-A3B2-F215-7A71616B85A2}
		{0DDD0665-950C-B4D6-56B9-A5A4C73C7423} = {91C47821-78DC-6EB2-D97E-14E2D5EF1C9F}
		{E1F3841D-E6E7-98DF-B512-B4A0EDA94B43} = {91C47821-78DC-6EB2-D97E-14E2D5EF1C9F}
		{D99A7B07-1DA2-FEA1-BA4C-344E12BE35C4} = {91C47821-78DC-6EB2-D97E-14E2D5EF1C9F}
		{FF37D677-2789-827B-9FEC-126106445C54} = {91C47821-78DC-6EB2-D97E-14E2D5EF1C9F}
		{79187742-9E5C-DC86-2290-D6C5067AB80B} = {A4043C4D-9AC0-3AB1-C0E6-AD534972B49C}
		{7A891FAF-F1EE-3536-2954-64B8FF06B662} = {A4043C4D-9AC0-3AB1-C0E6-AD534972B49C}
		{FFB21AA1-8B65-2A78-5A8B-9E5513E3579E} = {A4043C4D-9AC0-3AB1-C0E6-AD534972B49C}
		{9AA683F7-E582-234D-BEFA-C5EC0C7D3F34} = {A4043C4D-9AC0-3AB1-C0E6-AD534972B49C}
		{660E4DD0-25A5-D3B0-30DC-FD5F3B9343B0} = {A4043C4D-9AC0-3AB1-C0E6-AD534972B49C}
		{A809B5DC-45BC-9671-02ED-686C4BBA6599} = {A4043C4D-9AC0-3AB1-C0E6-AD534972B49C}
		{6381AEAF-9017-A550-35B9-0AE6CF4065C2} = {A4043C4D-9AC0-3AB1-C0E6-AD534972B49C}
		{3B7B8F5D-38CC-8533-AFFE-2C4899A43167} = {A4043C4D-9AC0-3AB1-C0E6-AD534972B49C}
		{02F45222-438F-35C2-805D-BABD34EFC463} = {A4043C4D-9AC0-3AB1-C0E6-AD534972B49C}

	EndGlobalSection
	GlobalSection(ExtensibilityGlobals) = postSolution
		SolutionGuid = {FD1E2EC4-D69D-418D-8FBF-4CA3864E5C8C}
	EndGlobalSection
EndGlobal

